# THIS IS AN AUTOGENERATED FILE. DO NOT EDIT THIS FILE DIRECTLY.
# yarn lockfile v1


epic-spinners@^1.1.0:
  version "1.1.0"
  resolved "https://registry.yarnpkg.com/epic-spinners/-/epic-spinners-1.1.0.tgz#293d67593557572b02ca2f503c49706fc2a57cb8"
  integrity sha512-nFyHmFuBFO6LpT37Xu68lQqKDYK50gXoZ6Yj/mpoS1Uslku0YkMtAGDzH8nbeFSiifAIoT1rUDB3S7e/ifnnxg==
